// !$*UTF8*$!
{
	archiveVersion = 1;
	classes = {
	};
	objectVersion = 50;
	objects = {

/* Begin PBXBuildFile section */
		0431E22924F8DD62004DDE3E /* DataManager.swift in Sources */ = {isa = PBXBuildFile; fileRef = 0431E22824F8DD62004DDE3E /* DataManager.swift */; };
		0431E22B24F90461004DDE3E /* TableViewCell.swift in Sources */ = {isa = PBXBuildFile; fileRef = 0431E22A24F90461004DDE3E /* TableViewCell.swift */; };
		0431E22D24F91BBB004DDE3E /* DetailsViewController.swift in Sources */ = {isa = PBXBuildFile; fileRef = 0431E22C24F91BBB004DDE3E /* DetailsViewController.swift */; };
		04407BEE24F8491500BD3831 /* AppDelegate.swift in Sources */ = {isa = PBXBuildFile; fileRef = 04407BED24F8491500BD3831 /* AppDelegate.swift */; };
		04407BF024F8491500BD3831 /* SceneDelegate.swift in Sources */ = {isa = PBXBuildFile; fileRef = 04407BEF24F8491500BD3831 /* SceneDelegate.swift */; };
		04407BF224F8491500BD3831 /* ViewController.swift in Sources */ = {isa = PBXBuildFile; fileRef = 04407BF124F8491500BD3831 /* ViewController.swift */; };
		04407BF524F8491500BD3831 /* Main.storyboard in Resources */ = {isa = PBXBuildFile; fileRef = 04407BF324F8491500BD3831 /* Main.storyboard */; };
		04407BF824F8491500BD3831 /* CoreData_Show_in_Tableview.xcdatamodeld in Sources */ = {isa = PBXBuildFile; fileRef = 04407BF624F8491500BD3831 /* CoreData_Show_in_Tableview.xcdatamodeld */; };
		04407BFA24F8492100BD3831 /* Assets.xcassets in Resources */ = {isa = PBXBuildFile; fileRef = 04407BF924F8492100BD3831 /* Assets.xcassets */; };
		04407BFD24F8492100BD3831 /* LaunchScreen.storyboard in Resources */ = {isa = PBXBuildFile; fileRef = 04407BFB24F8492100BD3831 /* LaunchScreen.storyboard */; };
		04407C0524F84EAE00BD3831 /* RegisterViewController.swift in Sources */ = {isa = PBXBuildFile; fileRef = 04407C0424F84EAE00BD3831 /* RegisterViewController.swift */; };
/* End PBXBuildFile section */

/* Begin PBXFileReference section */
		0431E22824F8DD62004DDE3E /* DataManager.swift */ = {isa = PBXFileReference; lastKnownFileType = sourcecode.swift; path = DataManager.swift; sourceTree = "<group>"; };
		0431E22A24F90461004DDE3E /* TableViewCell.swift */ = {isa = PBXFileReference; lastKnownFileType = sourcecode.swift; path = TableViewCell.swift; sourceTree = "<group>"; };
		0431E22C24F91BBB004DDE3E /* DetailsViewController.swift */ = {isa = PBXFileReference; lastKnownFileType = sourcecode.swift; path = DetailsViewController.swift; sourceTree = "<group>"; };
		04407BEA24F8491500BD3831 /* CoreData Show in Tableview.app */ = {isa = PBXFileReference; explicitFileType = wrapper.application; includeInIndex = 0; path = "CoreData Show in Tableview.app"; sourceTree = BUILT_PRODUCTS_DIR; };
		04407BED24F8491500BD3831 /* AppDelegate.swift */ = {isa = PBXFileReference; lastKnownFileType = sourcecode.swift; path = AppDelegate.swift; sourceTree = "<group>"; };
		04407BEF24F8491500BD3831 /* SceneDelegate.swift */ = {isa = PBXFileReference; lastKnownFileType = sourcecode.swift; path = SceneDelegate.swift; sourceTree = "<group>"; };
		04407BF124F8491500BD3831 /* ViewController.swift */ = {isa = PBXFileReference; lastKnownFileType = sourcecode.swift; path = ViewController.swift; sourceTree = "<group>"; };
		04407BF424F8491500BD3831 /* Base */ = {isa = PBXFileReference; lastKnownFileType = file.storyboard; name = Base; path = Base.lproj/Main.storyboard; sourceTree = "<group>"; };
		04407BF724F8491500BD3831 /* CoreData_Show_in_Tableview.xcdatamodel */ = {isa = PBXFileReference; lastKnownFileType = wrapper.xcdatamodel; path = CoreData_Show_in_Tableview.xcdatamodel; sourceTree = "<group>"; };
		04407BF924F8492100BD3831 /* Assets.xcassets */ = {isa = PBXFileReference; lastKnownFileType = folder.assetcatalog; path = Assets.xcassets; sourceTree = "<group>"; };
		04407BFC24F8492100BD3831 /* Base */ = {isa = PBXFileReference; lastKnownFileType = file.storyboard; name = Base; path = Base.lproj/LaunchScreen.storyboard; sourceTree = "<group>"; };
		04407BFE24F8492100BD3831 /* Info.plist */ = {isa = PBXFileReference; lastKnownFileType = text.plist.xml; path = Info.plist; sourceTree = "<group>"; };
		04407C0424F84EAE00BD3831 /* RegisterViewController.swift */ = {isa = PBXFileReference; lastKnownFileType = sourcecode.swift; path = RegisterViewController.swift; sourceTree = "<group>"; };
/* End PBXFileReference section */

/* Begin PBXFrameworksBuildPhase section */
		04407BE724F8491500BD3831 /* Frameworks */ = {
			isa = PBXFrameworksBuildPhase;
			buildActionMask = 2147483647;
			files = (
			);
			runOnlyForDeploymentPostprocessing = 0;
		};
/* End PBXFrameworksBuildPhase section */

/* Begin PBXGroup section */
		04363AE224F97B6000B30F2D /* Controller */ = {
			isa = PBXGroup;
			children = (
				04407BF124F8491500BD3831 /* ViewController.swift */,
				04407C0424F84EAE00BD3831 /* RegisterViewController.swift */,
				0431E22C24F91BBB004DDE3E /* DetailsViewController.swift */,
			);
			path = Controller;
			sourceTree = "<group>";
		};
		04363AE324F97B6300B30F2D /* View */ = {
			isa = PBXGroup;
			children = (
				04407BF324F8491500BD3831 /* Main.storyboard */,
				04407BF924F8492100BD3831 /* Assets.xcassets */,
				04407BFB24F8492100BD3831 /* LaunchScreen.storyboard */,
			);
			path = View;
			sourceTree = "<group>";
		};
		04363AE424F97B6600B30F2D /* Model */ = {
			isa = PBXGroup;
			children = (
				0431E22824F8DD62004DDE3E /* DataManager.swift */,
				0431E22A24F90461004DDE3E /* TableViewCell.swift */,
			);
			path = Model;
			sourceTree = "<group>";
		};
		04407BE124F8491500BD3831 = {
			isa = PBXGroup;
			children = (
				04407BEC24F8491500BD3831 /* CoreData Show in Tableview */,
				04407BEB24F8491500BD3831 /* Products */,
			);
			sourceTree = "<group>";
		};
		04407BEB24F8491500BD3831 /* Products */ = {
			isa = PBXGroup;
			children = (
				04407BEA24F8491500BD3831 /* CoreData Show in Tableview.app */,
			);
			name = Products;
			sourceTree = "<group>";
		};
		04407BEC24F8491500BD3831 /* CoreData Show in Tableview */ = {
			isa = PBXGroup;
			children = (
				04407BED24F8491500BD3831 /* AppDelegate.swift */,
				04407BEF24F8491500BD3831 /* SceneDelegate.swift */,
				04363AE424F97B6600B30F2D /* Model */,
				04363AE324F97B6300B30F2D /* View */,
				04363AE224F97B6000B30F2D /* Controller */,
				04407BFE24F8492100BD3831 /* Info.plist */,
				04407BF624F8491500BD3831 /* CoreData_Show_in_Tableview.xcdatamodeld */,
			);
			path = "CoreData Show in Tableview";
			sourceTree = "<group>";
		};
/* End PBXGroup section */

/* Begin PBXNativeTarget section */
		04407BE924F8491500BD3831 /* CoreData Show in Tableview */ = {
			isa = PBXNativeTarget;
			buildConfigurationList = 04407C0124F8492100BD3831 /* Build configuration list for PBXNativeTarget "CoreData Show in Tableview" */;
			buildPhases = (
				04407BE624F8491500BD3831 /* Sources */,
				04407BE724F8491500BD3831 /* Frameworks */,
				04407BE824F8491500BD3831 /* Resources */,
			);
			buildRules = (
			);
			dependencies = (
			);
			name = "CoreData Show in Tableview";
			productName = "CoreData Show in Tableview";
			productReference = 04407BEA24F8491500BD3831 /* CoreData Show in Tableview.app */;
			productType = "com.apple.product-type.application";
		};
/* End PBXNativeTarget section */

/* Begin PBXProject section */
		04407BE224F8491500BD3831 /* Project object */ = {
			isa = PBXProject;
			attributes = {
				LastSwiftUpdateCheck = 1130;
				LastUpgradeCheck = 1130;
				ORGANIZATIONNAME = "Gunde Ramakrishna Goud";
				TargetAttributes = {
					04407BE924F8491500BD3831 = {
						CreatedOnToolsVersion = 11.3.1;
					};
				};
			};
			buildConfigurationList = 04407BE524F8491500BD3831 /* Build configuration list for PBXProject "CoreData Show in Tableview" */;
			compatibilityVersion = "Xcode 9.3";
			developmentRegion = en;
			hasScannedForEncodings = 0;
			knownRegions = (
				en,
				Base,
			);
			mainGroup = 04407BE124F8491500BD3831;
			productRefGroup = 04407BEB24F8491500BD3831 /* Products */;
			projectDirPath = "";
			projectRoot = "";
			targets = (
				04407BE924F8491500BD3831 /* CoreData Show in Tableview */,
			);
		};
/* End PBXProject section */

/* Begin PBXResourcesBuildPhase section */
		04407BE824F8491500BD3831 /* Resources */ = {
			isa = PBXResourcesBuildPhase;
			buildActionMask = 2147483647;
			files = (
				04407BFD24F8492100BD3831 /* LaunchScreen.storyboard in Resources */,
				04407BFA24F8492100BD3831 /* Assets.xcassets in Resources */,
				04407BF524F8491500BD3831 /* Main.storyboard in Resources */,
			);
			runOnlyForDeploymentPostprocessing = 0;
		};
/* End PBXResourcesBuildPhase section */

/* Begin PBXSourcesBuildPhase section */
		04407BE624F8491500BD3831 /* Sources */ = {
			isa = PBXSourcesBuildPhase;
			buildActionMask = 2147483647;
			files = (
				04407BF224F8491500BD3831 /* ViewController.swift in Sources */,
				0431E22924F8DD62004DDE3E /* DataManager.swift in Sources */,
				04407C0524F84EAE00BD3831 /* RegisterViewController.swift in Sources */,
				0431E22D24F91BBB004DDE3E /* DetailsViewController.swift in Sources */,
				04407BEE24F8491500BD3831 /* AppDelegate.swift in Sources */,
				04407BF824F8491500BD3831 /* CoreData_Show_in_Tableview.xcdatamodeld in Sources */,
				0431E22B24F90461004DDE3E /* TableViewCell.swift in Sources */,
				04407BF024F8491500BD3831 /* SceneDelegate.swift in Sources */,
			);
			runOnlyForDeploymentPostprocessing = 0;
		};
/* End PBXSourcesBuildPhase section */

/* Begin PBXVariantGroup section */
		04407BF324F8491500BD3831 /* Main.storyboard */ = {
			isa = PBXVariantGroup;
			children = (
				04407BF424F8491500BD3831 /* Base */,
			);
			name = Main.storyboard;
			sourceTree = "<group>";
		};
		04407BFB24F8492100BD3831 /* LaunchScreen.storyboard */ = {
			isa = PBXVariantGroup;
			children = (
				04407BFC24F8492100BD3831 /* Base */,
			);
			name = LaunchScreen.storyboard;
			sourceTree = "<group>";
		};
/* End PBXVariantGroup section */

/* Begin XCBuildConfiguration section */
		04407BFF24F8492100BD3831 /* Debug */ = {
			isa = XCBuildConfiguration;
			buildSettings = {
				ALWAYS_SEARCH_USER_PATHS = NO;
				CLANG_ANALYZER_NONNULL = YES;
				CLANG_ANALYZER_NUMBER_OBJECT_CONVERSION = YES_AGGRESSIVE;
				CLANG_CXX_LANGUAGE_STANDARD = "gnu++14";
				CLANG_CXX_LIBRARY = "libc++";
				CLANG_ENABLE_MODULES = YES;
				CLANG_ENABLE_OBJC_ARC = YES;
				CLANG_ENABLE_OBJC_WEAK = YES;
				CLANG_WARN_BLOCK_CAPTURE_AUTORELEASING = YES;
				CLANG_WARN_BOOL_CONVERSION = YES;
				CLANG_WARN_COMMA = YES;
				CLANG_WARN_CONSTANT_CONVERSION = YES;
				CLANG_WARN_DEPRECATED_OBJC_IMPLEMENTATIONS = YES;
				CLANG_WARN_DIRECT_OBJC_ISA_USAGE = YES_ERROR;
				CLANG_WARN_DOCUMENTATION_COMMENTS = YES;
				CLANG_WARN_EMPTY_BODY = YES;
				CLANG_WARN_ENUM_CONVERSION = YES;
				CLANG_WARN_INFINITE_RECURSION = YES;
				CLANG_WARN_INT_CONVERSION = YES;
				CLANG_WARN_NON_LITERAL_NULL_CONVERSION = YES;
				CLANG_WARN_OBJC_IMPLICIT_RETAIN_SELF = YES;
				CLANG_WARN_OBJC_LITERAL_CONVERSION = YES;
				CLANG_WARN_OBJC_ROOT_CLASS = YES_ERROR;
				CLANG_WARN_RANGE_LOOP_ANALYSIS = YES;
				CLANG_WARN_STRICT_PROTOTYPES = YES;
				CLANG_WARN_SUSPICIOUS_MOVE = YES;
				CLANG_WARN_UNGUARDED_AVAILABILITY = YES_AGGRESSIVE;
				CLANG_WARN_UNREACHABLE_CODE = YES;
				CLANG_WARN__DUPLICATE_METHOD_MATCH = YES;
				COPY_PHASE_STRIP = NO;
				DEBUG_INFORMATION_FORMAT = dwarf;
				ENABLE_STRICT_OBJC_MSGSEND = YES;
				ENABLE_TESTABILITY = YES;
				GCC_C_LANGUAGE_STANDARD = gnu11;
				GCC_DYNAMIC_NO_PIC = NO;
				GCC_NO_COMMON_BLOCKS = YES;
				GCC_OPTIMIZATION_LEVEL = 0;
				GCC_PREPROCESSOR_DEFINITIONS = (
					"DEBUG=1",
					"$(inherited)",
				);
				GCC_WARN_64_TO_32_BIT_CONVERSION = YES;
				GCC_WARN_ABOUT_RETURN_TYPE = YES_ERROR;
				GCC_WARN_UNDECLARED_SELECTOR = YES;
				GCC_WARN_UNINITIALIZED_AUTOS = YES_AGGRESSIVE;
				GCC_WARN_UNUSED_FUNCTION = YES;
				GCC_WARN_UNUSED_VARIABLE = YES;
				IPHONEOS_DEPLOYMENT_TARGET = 13.2;
				MTL_ENABLE_DEBUG_INFO = INCLUDE_SOURCE;
				MTL_FAST_MATH = YES;
				ONLY_ACTIVE_ARCH = YES;
				SDKROOT = iphoneos;
				SWIFT_ACTIVE_COMPILATION_CONDITIONS = DEBUG;
				SWIFT_OPTIMIZATION_LEVEL = "-Onone";
			};
			name = Debug;
		};
		04407C0024F8492100BD3831 /* Release */ = {
			isa = XCBuildConfiguration;
			buildSettings = {
				ALWAYS_SEARCH_USER_PATHS = NO;
				CLANG_ANALYZER_NONNULL = YES;
				CLANG_ANALYZER_NUMBER_OBJECT_CONVERSION = YES_AGGRESSIVE;
				CLANG_CXX_LANGUAGE_STANDARD = "gnu++14";
				CLANG_CXX_LIBRARY = "libc++";
				CLANG_ENABLE_MODULES = YES;
				CLANG_ENABLE_OBJC_ARC = YES;
				CLANG_ENABLE_OBJC_WEAK = YES;
				CLANG_WARN_BLOCK_CAPTURE_AUTORELEASING = YES;
				CLANG_WARN_BOOL_CONVERSION = YES;
				CLANG_WARN_COMMA = YES;
				CLANG_WARN_CONSTANT_CONVERSION = YES;
				CLANG_WARN_DEPRECATED_OBJC_IMPLEMENTATIONS = YES;
				CLANG_WARN_DIRECT_OBJC_ISA_USAGE = YES_ERROR;
				CLANG_WARN_DOCUMENTATION_COMMENTS = YES;
				CLANG_WARN_EMPTY_BODY = YES;
				CLANG_WARN_ENUM_CONVERSION = YES;
				CLANG_WARN_INFINITE_RECURSION = YES;
				CLANG_WARN_INT_CONVERSION = YES;
				CLANG_WARN_NON_LITERAL_NULL_CONVERSION = YES;
				CLANG_WARN_OBJC_IMPLICIT_RETAIN_SELF = YES;
				CLANG_WARN_OBJC_LITERAL_CONVERSION = YES;
				CLANG_WARN_OBJC_ROOT_CLASS = YES_ERROR;
				CLANG_WARN_RANGE_LOOP_ANALYSIS = YES;
				CLANG_WARN_STRICT_PROTOTYPES = YES;
				CLANG_WARN_SUSPICIOUS_MOVE = YES;
				CLANG_WARN_UNGUARDED_AVAILABILITY = YES_AGGRESSIVE;
				CLANG_WARN_UNREACHABLE_CODE = YES;
				CLANG_WARN__DUPLICATE_METHOD_MATCH = YES;
				COPY_PHASE_STRIP = NO;
				DEBUG_INFORMATION_FORMAT = "dwarf-with-dsym";
				ENABLE_NS_ASSERTIONS = NO;
				ENABLE_STRICT_OBJC_MSGSEND = YES;
				GCC_C_LANGUAGE_STANDARD = gnu11;
				GCC_NO_COMMON_BLOCKS = YES;
				GCC_WARN_64_TO_32_BIT_CONVERSION = YES;
				GCC_WARN_ABOUT_RETURN_TYPE = YES_ERROR;
				GCC_WARN_UNDECLARED_SELECTOR = YES;
				GCC_WARN_UNINITIALIZED_AUTOS = YES_AGGRESSIVE;
				GCC_WARN_UNUSED_FUNCTION = YES;
				GCC_WARN_UNUSED_VARIABLE = YES;
				IPHONEOS_DEPLOYMENT_TARGET = 13.2;
				MTL_ENABLE_DEBUG_INFO = NO;
				MTL_FAST_MATH = YES;
				SDKROOT = iphoneos;
				SWIFT_COMPILATION_MODE = wholemodule;
				SWIFT_OPTIMIZATION_LEVEL = "-O";
				VALIDATE_PRODUCT = YES;
			};
			name = Release;
		};
		04407C0224F8492100BD3831 /* Debug */ = {
			isa = XCBuildConfiguration;
			buildSettings = {
				ASSETCATALOG_COMPILER_APPICON_NAME = AppIcon;
				CODE_SIGN_STYLE = Automatic;
				DEVELOPMENT_TEAM = QJ38K4FTCM;
				INFOPLIST_FILE = "CoreData Show in Tableview/Info.plist";
				LD_RUNPATH_SEARCH_PATHS = (
					"$(inherited)",
					"@executable_path/Frameworks",
				);
				PRODUCT_BUNDLE_IDENTIFIER = "com.rama.CoreData-Show-in-Tableview";
				PRODUCT_NAME = "$(TARGET_NAME)";
				SWIFT_VERSION = 5.0;
				TARGETED_DEVICE_FAMILY = "1,2";
			};
			name = Debug;
		};
		04407C0324F8492100BD3831 /* Release */ = {
			isa = XCBuildConfiguration;
			buildSettings = {
				ASSETCATALOG_COMPILER_APPICON_NAME = AppIcon;
				CODE_SIGN_STYLE = Automatic;
				DEVELOPMENT_TEAM = QJ38K4FTCM;
				INFOPLIST_FILE = "CoreData Show in Tableview/Info.plist";
				LD_RUNPATH_SEARCH_PATHS = (
					"$(inherited)",
					"@executable_path/Frameworks",
				);
				PRODUCT_BUNDLE_IDENTIFIER = "com.rama.CoreData-Show-in-Tableview";
				PRODUCT_NAME = "$(TARGET_NAME)";
				SWIFT_VERSION = 5.0;
				TARGETED_DEVICE_FAMILY = "1,2";
			};
			name = Release;
		};
/* End XCBuildConfiguration section */

/* Begin XCConfigurationList section */
		04407BE524F8491500BD3831 /* Build configuration list for PBXProject "CoreData Show in Tableview" */ = {
			isa = XCConfigurationList;
			buildConfigurations = (
				04407BFF24F8492100BD3831 /* Debug */,
				04407C0024F8492100BD3831 /* Release */,
			);
			defaultConfigurationIsVisible = 0;
			defaultConfigurationName = Release;
		};
		04407C0124F8492100BD3831 /* Build configuration list for PBXNativeTarget "CoreData Show in Tableview" */ = {
			isa = XCConfigurationList;
			buildConfigurations = (
				04407C0224F8492100BD3831 /* Debug */,
				04407C0324F8492100BD3831 /* Release */,
			);
			defaultConfigurationIsVisible = 0;
			defaultConfigurationName = Release;
		};
/* End XCConfigurationList section */

/* Begin XCVersionGroup section */
		04407BF624F8491500BD3831 /* CoreData_Show_in_Tableview.xcdatamodeld */ = {
			isa = XCVersionGroup;
			children = (
				04407BF724F8491500BD3831 /* CoreData_Show_in_Tableview.xcdatamodel */,
			);
			currentVersion = 04407BF724F8491500BD3831 /* CoreData_Show_in_Tableview.xcdatamodel */;
			path = CoreData_Show_in_Tableview.xcdatamodeld;
			sourceTree = "<group>";
			versionGroupType = wrapper.xcdatamodel;
		};
/* End XCVersionGroup section */
	};
	rootObject = 04407BE224F8491500BD3831 /* Project object */;
}
